
Microsoft Visual Studio Solution File, Format Version 12.00
# Visual Studio Version 17
VisualStudioVersion = 17.5.33424.131
MinimumVisualStudioVersion = 10.0.40219.1
Project("{9A19103F-16F7-4668-BE54-9A1E7A4F7556}") = "Vetero.Server", "Vetero\Server\Vetero.Server.csproj", "{92F88BC2-1BDC-4142-92EE-3EF381A6362A}"
	ProjectSection(ProjectDependencies) = postProject
		{47FB54FF-080B-4CC5-B31C-9A4575A1F6E6} = {47FB54FF-080B-4CC5-B31C-9A4575A1F6E6}
		{76DA283B-E1C3-4386-B339-BDAC86CAEEE1} = {76DA283B-E1C3-4386-B339-BDAC86CAEEE1}
		{C4E4DBB4-CB22-44E5-A062-BFA7FFC6FE03} = {C4E4DBB4-CB22-44E5-A062-BFA7FFC6FE03}
	EndProjectSection
EndProject
Project("{9A19103F-16F7-4668-BE54-9A1E7A4F7556}") = "Vetero.Client", "Vetero\Client\Vetero.Client.csproj", "{959A8F07-7BAB-4F79-91D0-E460C44DEF98}"
EndProject
Project("{9A19103F-16F7-4668-BE54-9A1E7A4F7556}") = "Vetero.Shared", "Vetero\Shared\Vetero.Shared.csproj", "{B4C4806E-89E9-4A66-B018-338ACECF2316}"
EndProject
Project("{2150E333-8FDC-42A3-9474-1A3956D46DE8}") = "Application", "Application", "{E3414CEA-62FC-451B-BA28-9E00953DBF39}"
EndProject
Project("{2150E333-8FDC-42A3-9474-1A3956D46DE8}") = "Infrastructure", "Infrastructure", "{C20658DB-9CA1-462C-AFC7-52819391EF75}"
EndProject
Project("{2150E333-8FDC-42A3-9474-1A3956D46DE8}") = "Presentation", "Presentation", "{02980B82-0CCD-4E3E-B388-130A823281C1}"
EndProject
Project("{9A19103F-16F7-4668-BE54-9A1E7A4F7556}") = "Vetero.Application", "Vetero.Application\Vetero.Application.csproj", "{76DA283B-E1C3-4386-B339-BDAC86CAEEE1}"
	ProjectSection(ProjectDependencies) = postProject
		{E2D086AA-A2A5-4917-A9E7-CEFCB5984C42} = {E2D086AA-A2A5-4917-A9E7-CEFCB5984C42}
	EndProjectSection
EndProject
Project("{9A19103F-16F7-4668-BE54-9A1E7A4F7556}") = "Vetero.Domain", "Vetero.Domain\Vetero.Domain.csproj", "{E2D086AA-A2A5-4917-A9E7-CEFCB5984C42}"
EndProject
Project("{9A19103F-16F7-4668-BE54-9A1E7A4F7556}") = "Vetero.Infrastructure", "Vetero.Infrastructure\Vetero.Infrastructure.csproj", "{C4E4DBB4-CB22-44E5-A062-BFA7FFC6FE03}"
	ProjectSection(ProjectDependencies) = postProject
		{76DA283B-E1C3-4386-B339-BDAC86CAEEE1} = {76DA283B-E1C3-4386-B339-BDAC86CAEEE1}
	EndProjectSection
EndProject
Project("{9A19103F-16F7-4668-BE54-9A1E7A4F7556}") = "Vetero.Persistance", "Vetero.Persistance\Vetero.Persistance.csproj", "{47FB54FF-080B-4CC5-B31C-9A4575A1F6E6}"
	ProjectSection(ProjectDependencies) = postProject
		{76DA283B-E1C3-4386-B339-BDAC86CAEEE1} = {76DA283B-E1C3-4386-B339-BDAC86CAEEE1}
		{E2D086AA-A2A5-4917-A9E7-CEFCB5984C42} = {E2D086AA-A2A5-4917-A9E7-CEFCB5984C42}
	EndProjectSection
EndProject
Global
	GlobalSection(SolutionConfigurationPlatforms) = preSolution
		Debug|Any CPU = Debug|Any CPU
		Release|Any CPU = Release|Any CPU
	EndGlobalSection
	GlobalSection(ProjectConfigurationPlatforms) = postSolution
		{92F88BC2-1BDC-4142-92EE-3EF381A6362A}.Debug|Any CPU.ActiveCfg = Debug|Any CPU
		{92F88BC2-1BDC-4142-92EE-3EF381A6362A}.Debug|Any CPU.Build.0 = Debug|Any CPU
		{92F88BC2-1BDC-4142-92EE-3EF381A6362A}.Release|Any CPU.ActiveCfg = Release|Any CPU
		{92F88BC2-1BDC-4142-92EE-3EF381A6362A}.Release|Any CPU.Build.0 = Release|Any CPU
		{959A8F07-7BAB-4F79-91D0-E460C44DEF98}.Debug|Any CPU.ActiveCfg = Debug|Any CPU
		{959A8F07-7BAB-4F79-91D0-E460C44DEF98}.Debug|Any CPU.Build.0 = Debug|Any CPU
		{959A8F07-7BAB-4F79-91D0-E460C44DEF98}.Release|Any CPU.ActiveCfg = Release|Any CPU
		{959A8F07-7BAB-4F79-91D0-E460C44DEF98}.Release|Any CPU.Build.0 = Release|Any CPU
		{B4C4806E-89E9-4A66-B018-338ACECF2316}.Debug|Any CPU.ActiveCfg = Debug|Any CPU
		{B4C4806E-89E9-4A66-B018-338ACECF2316}.Debug|Any CPU.Build.0 = Debug|Any CPU
		{B4C4806E-89E9-4A66-B018-338ACECF2316}.Release|Any CPU.ActiveCfg = Release|Any CPU
		{B4C4806E-89E9-4A66-B018-338ACECF2316}.Release|Any CPU.Build.0 = Release|Any CPU
		{76DA283B-E1C3-4386-B339-BDAC86CAEEE1}.Debug|Any CPU.ActiveCfg = Debug|Any CPU
		{76DA283B-E1C3-4386-B339-BDAC86CAEEE1}.Debug|Any CPU.Build.0 = Debug|Any CPU
		{76DA283B-E1C3-4386-B339-BDAC86CAEEE1}.Release|Any CPU.ActiveCfg = Release|Any CPU
		{76DA283B-E1C3-4386-B339-BDAC86CAEEE1}.Release|Any CPU.Build.0 = Release|Any CPU
		{E2D086AA-A2A5-4917-A9E7-CEFCB5984C42}.Debug|Any CPU.ActiveCfg = Debug|Any CPU
		{E2D086AA-A2A5-4917-A9E7-CEFCB5984C42}.Debug|Any CPU.Build.0 = Debug|Any CPU
		{E2D086AA-A2A5-4917-A9E7-CEFCB5984C42}.Release|Any CPU.ActiveCfg = Release|Any CPU
		{E2D086AA-A2A5-4917-A9E7-CEFCB5984C42}.Release|Any CPU.Build.0 = Release|Any CPU
		{C4E4DBB4-CB22-44E5-A062-BFA7FFC6FE03}.Debug|Any CPU.ActiveCfg = Debug|Any CPU
		{C4E4DBB4-CB22-44E5-A062-BFA7FFC6FE03}.Debug|Any CPU.Build.0 = Debug|Any CPU
		{C4E4DBB4-CB22-44E5-A062-BFA7FFC6FE03}.Release|Any CPU.ActiveCfg = Release|Any CPU
		{C4E4DBB4-CB22-44E5-A062-BFA7FFC6FE03}.Release|Any CPU.Build.0 = Release|Any CPU
		{47FB54FF-080B-4CC5-B31C-9A4575A1F6E6}.Debug|Any CPU.ActiveCfg = Debug|Any CPU
		{47FB54FF-080B-4CC5-B31C-9A4575A1F6E6}.Debug|Any CPU.Build.0 = Debug|Any CPU
		{47FB54FF-080B-4CC5-B31C-9A4575A1F6E6}.Release|Any CPU.ActiveCfg = Release|Any CPU
		{47FB54FF-080B-4CC5-B31C-9A4575A1F6E6}.Release|Any CPU.Build.0 = Release|Any CPU
	EndGlobalSection
	GlobalSection(SolutionProperties) = preSolution
		HideSolutionNode = FALSE
	EndGlobalSection
	GlobalSection(NestedProjects) = preSolution
		{92F88BC2-1BDC-4142-92EE-3EF381A6362A} = {02980B82-0CCD-4E3E-B388-130A823281C1}
		{959A8F07-7BAB-4F79-91D0-E460C44DEF98} = {02980B82-0CCD-4E3E-B388-130A823281C1}
		{B4C4806E-89E9-4A66-B018-338ACECF2316} = {02980B82-0CCD-4E3E-B388-130A823281C1}
		{76DA283B-E1C3-4386-B339-BDAC86CAEEE1} = {E3414CEA-62FC-451B-BA28-9E00953DBF39}
		{E2D086AA-A2A5-4917-A9E7-CEFCB5984C42} = {E3414CEA-62FC-451B-BA28-9E00953DBF39}
		{C4E4DBB4-CB22-44E5-A062-BFA7FFC6FE03} = {C20658DB-9CA1-462C-AFC7-52819391EF75}
		{47FB54FF-080B-4CC5-B31C-9A4575A1F6E6} = {C20658DB-9CA1-462C-AFC7-52819391EF75}
	EndGlobalSection
	GlobalSection(ExtensibilityGlobals) = postSolution
		SolutionGuid = {0E434362-EF22-4F9C-9D7A-46ECD4EB0739}
	EndGlobalSection
EndGlobal
